
Microsoft Visual Studio Solution File, Format Version 12.00
# Visual Studio 15
VisualStudioVersion = 15.0.26124.0
MinimumVisualStudioVersion = 15.0.26124.0
Project("{2150E333-8FDC-42A3-9474-1A3956D46DE8}") = "BoardGamesManagerApi", "BoardGamesManagerApi", "{DDA8993D-749E-4916-807C-CB3B93CCC7A3}"
EndProject
Project("{FAE04EC0-301F-11D3-BF4B-00C04F79EFBC}") = "BoardGamesManagerApi", "BoardGamesManagerApi\BoardGamesManagerApi\BoardGamesManagerApi.csproj", "{284FEDFA-5EE1-4A9D-B1F2-48D446B4A895}"
EndProject
Project("{FAE04EC0-301F-11D3-BF4B-00C04F79EFBC}") = "BoardGamesManagerApiTest", "BoardGamesManagerApi\BoardGamesManagerApiTest\BoardGamesManagerApiTest.csproj", "{E1D80690-68C7-41D2-8461-8217523E44C3}"
EndProject
Project("{2150E333-8FDC-42A3-9474-1A3956D46DE8}") = "BoardGamesManagerDataAccessLayer", "BoardGamesManagerDataAccessLayer", "{A83A8EDF-1D1C-43C8-A1EC-06D59A1D7585}"
EndProject
Project("{FAE04EC0-301F-11D3-BF4B-00C04F79EFBC}") = "EfCoreData", "BoardGamesManagerDataAccessLayer\EfCoreData\EfCoreData.csproj", "{5DEEBCEC-B324-47ED-A745-21DE3794D61E}"
EndProject
Project("{FAE04EC0-301F-11D3-BF4B-00C04F79EFBC}") = "EfCoreDataTest", "BoardGamesManagerDataAccessLayer\EfCoreDataTest\EfCoreDataTest.csproj", "{28F783F6-4F8C-4F1E-8E2D-AE5C44058567}"
EndProject
Project("{FAE04EC0-301F-11D3-BF4B-00C04F79EFBC}") = "Models", "BoardGamesManagerDataAccessLayer\Models\Models.csproj", "{AED32465-A92D-48C1-85B5-A6448D988496}"
EndProject
Project("{2150E333-8FDC-42A3-9474-1A3956D46DE8}") = "BoardGamesManagerMvc", "BoardGamesManagerMvc", "{32595DED-C9FB-4AA3-9C39-E9FA6CB5B9E3}"
EndProject
Project("{FAE04EC0-301F-11D3-BF4B-00C04F79EFBC}") = "BoardGamesManagerMvc", "BoardGamesManagerMvc\BoardGamesManagerMvc\BoardGamesManagerMvc.csproj", "{08ABDF2D-AB4F-4EF1-8ADA-46790FD52C53}"
EndProject
Project("{FAE04EC0-301F-11D3-BF4B-00C04F79EFBC}") = "BoardGamesManagerMvcTest", "BoardGamesManagerMvc\BoardGamesManagerMvcTest\BoardGamesManagerMvcTest.csproj", "{225266BD-810C-4A7D-990E-85267FC9A5F5}"
EndProject
Project("{FAE04EC0-301F-11D3-BF4B-00C04F79EFBC}") = "ModelTest", "BoardGamesManagerDataAccessLayer\ModelTest\ModelTest.csproj", "{D3933031-CDE7-4BD6-A1DB-B2B9C9EDFE05}"
EndProject
Project("{2150E333-8FDC-42A3-9474-1A3956D46DE8}") = "BoardGamesManagerServices", "BoardGamesManagerServices", "{5E6245B0-7E6A-4B60-8580-F628EA4EF307}"
EndProject
Project("{FAE04EC0-301F-11D3-BF4B-00C04F79EFBC}") = "BoardGamesService", "BoardGamesService\BoardGamesService.csproj", "{0C8B5E99-A147-4B5D-8DF9-CDA6BC8BDD77}"
EndProject
Global
	GlobalSection(SolutionConfigurationPlatforms) = preSolution
		Debug|Any CPU = Debug|Any CPU
		Debug|x64 = Debug|x64
		Debug|x86 = Debug|x86
		Release|Any CPU = Release|Any CPU
		Release|x64 = Release|x64
		Release|x86 = Release|x86
	EndGlobalSection
	GlobalSection(SolutionProperties) = preSolution
		HideSolutionNode = FALSE
	EndGlobalSection
	GlobalSection(ProjectConfigurationPlatforms) = postSolution
		{284FEDFA-5EE1-4A9D-B1F2-48D446B4A895}.Debug|Any CPU.ActiveCfg = Debug|Any CPU
		{284FEDFA-5EE1-4A9D-B1F2-48D446B4A895}.Debug|Any CPU.Build.0 = Debug|Any CPU
		{284FEDFA-5EE1-4A9D-B1F2-48D446B4A895}.Debug|x64.ActiveCfg = Debug|Any CPU
		{284FEDFA-5EE1-4A9D-B1F2-48D446B4A895}.Debug|x64.Build.0 = Debug|Any CPU
		{284FEDFA-5EE1-4A9D-B1F2-48D446B4A895}.Debug|x86.ActiveCfg = Debug|Any CPU
		{284FEDFA-5EE1-4A9D-B1F2-48D446B4A895}.Debug|x86.Build.0 = Debug|Any CPU
		{284FEDFA-5EE1-4A9D-B1F2-48D446B4A895}.Release|Any CPU.ActiveCfg = Release|Any CPU
		{284FEDFA-5EE1-4A9D-B1F2-48D446B4A895}.Release|Any CPU.Build.0 = Release|Any CPU
		{284FEDFA-5EE1-4A9D-B1F2-48D446B4A895}.Release|x64.ActiveCfg = Release|Any CPU
		{284FEDFA-5EE1-4A9D-B1F2-48D446B4A895}.Release|x64.Build.0 = Release|Any CPU
		{284FEDFA-5EE1-4A9D-B1F2-48D446B4A895}.Release|x86.ActiveCfg = Release|Any CPU
		{284FEDFA-5EE1-4A9D-B1F2-48D446B4A895}.Release|x86.Build.0 = Release|Any CPU
		{E1D80690-68C7-41D2-8461-8217523E44C3}.Debug|Any CPU.ActiveCfg = Debug|Any CPU
		{E1D80690-68C7-41D2-8461-8217523E44C3}.Debug|Any CPU.Build.0 = Debug|Any CPU
		{E1D80690-68C7-41D2-8461-8217523E44C3}.Debug|x64.ActiveCfg = Debug|Any CPU
		{E1D80690-68C7-41D2-8461-8217523E44C3}.Debug|x64.Build.0 = Debug|Any CPU
		{E1D80690-68C7-41D2-8461-8217523E44C3}.Debug|x86.ActiveCfg = Debug|Any CPU
		{E1D80690-68C7-41D2-8461-8217523E44C3}.Debug|x86.Build.0 = Debug|Any CPU
		{E1D80690-68C7-41D2-8461-8217523E44C3}.Release|Any CPU.ActiveCfg = Release|Any CPU
		{E1D80690-68C7-41D2-8461-8217523E44C3}.Release|Any CPU.Build.0 = Release|Any CPU
		{E1D80690-68C7-41D2-8461-8217523E44C3}.Release|x64.ActiveCfg = Release|Any CPU
		{E1D80690-68C7-41D2-8461-8217523E44C3}.Release|x64.Build.0 = Release|Any CPU
		{E1D80690-68C7-41D2-8461-8217523E44C3}.Release|x86.ActiveCfg = Release|Any CPU
		{E1D80690-68C7-41D2-8461-8217523E44C3}.Release|x86.Build.0 = Release|Any CPU
		{5DEEBCEC-B324-47ED-A745-21DE3794D61E}.Debug|Any CPU.ActiveCfg = Debug|Any CPU
		{5DEEBCEC-B324-47ED-A745-21DE3794D61E}.Debug|Any CPU.Build.0 = Debug|Any CPU
		{5DEEBCEC-B324-47ED-A745-21DE3794D61E}.Debug|x64.ActiveCfg = Debug|Any CPU
		{5DEEBCEC-B324-47ED-A745-21DE3794D61E}.Debug|x64.Build.0 = Debug|Any CPU
		{5DEEBCEC-B324-47ED-A745-21DE3794D61E}.Debug|x86.ActiveCfg = Debug|Any CPU
		{5DEEBCEC-B324-47ED-A745-21DE3794D61E}.Debug|x86.Build.0 = Debug|Any CPU
		{5DEEBCEC-B324-47ED-A745-21DE3794D61E}.Release|Any CPU.ActiveCfg = Release|Any CPU
		{5DEEBCEC-B324-47ED-A745-21DE3794D61E}.Release|Any CPU.Build.0 = Release|Any CPU
		{5DEEBCEC-B324-47ED-A745-21DE3794D61E}.Release|x64.ActiveCfg = Release|Any CPU
		{5DEEBCEC-B324-47ED-A745-21DE3794D61E}.Release|x64.Build.0 = Release|Any CPU
		{5DEEBCEC-B324-47ED-A745-21DE3794D61E}.Release|x86.ActiveCfg = Release|Any CPU
		{5DEEBCEC-B324-47ED-A745-21DE3794D61E}.Release|x86.Build.0 = Release|Any CPU
		{28F783F6-4F8C-4F1E-8E2D-AE5C44058567}.Debug|Any CPU.ActiveCfg = Debug|Any CPU
		{28F783F6-4F8C-4F1E-8E2D-AE5C44058567}.Debug|Any CPU.Build.0 = Debug|Any CPU
		{28F783F6-4F8C-4F1E-8E2D-AE5C44058567}.Debug|x64.ActiveCfg = Debug|Any CPU
		{28F783F6-4F8C-4F1E-8E2D-AE5C44058567}.Debug|x64.Build.0 = Debug|Any CPU
		{28F783F6-4F8C-4F1E-8E2D-AE5C44058567}.Debug|x86.ActiveCfg = Debug|Any CPU
		{28F783F6-4F8C-4F1E-8E2D-AE5C44058567}.Debug|x86.Build.0 = Debug|Any CPU
		{28F783F6-4F8C-4F1E-8E2D-AE5C44058567}.Release|Any CPU.ActiveCfg = Release|Any CPU
		{28F783F6-4F8C-4F1E-8E2D-AE5C44058567}.Release|Any CPU.Build.0 = Release|Any CPU
		{28F783F6-4F8C-4F1E-8E2D-AE5C44058567}.Release|x64.ActiveCfg = Release|Any CPU
		{28F783F6-4F8C-4F1E-8E2D-AE5C44058567}.Release|x64.Build.0 = Release|Any CPU
		{28F783F6-4F8C-4F1E-8E2D-AE5C44058567}.Release|x86.ActiveCfg = Release|Any CPU
		{28F783F6-4F8C-4F1E-8E2D-AE5C44058567}.Release|x86.Build.0 = Release|Any CPU
		{AED32465-A92D-48C1-85B5-A6448D988496}.Debug|Any CPU.ActiveCfg = Debug|Any CPU
		{AED32465-A92D-48C1-85B5-A6448D988496}.Debug|Any CPU.Build.0 = Debug|Any CPU
		{AED32465-A92D-48C1-85B5-A6448D988496}.Debug|x64.ActiveCfg = Debug|Any CPU
		{AED32465-A92D-48C1-85B5-A6448D988496}.Debug|x64.Build.0 = Debug|Any CPU
		{AED32465-A92D-48C1-85B5-A6448D988496}.Debug|x86.ActiveCfg = Debug|Any CPU
		{AED32465-A92D-48C1-85B5-A6448D988496}.Debug|x86.Build.0 = Debug|Any CPU
		{AED32465-A92D-48C1-85B5-A6448D988496}.Release|Any CPU.ActiveCfg = Release|Any CPU
		{AED32465-A92D-48C1-85B5-A6448D988496}.Release|Any CPU.Build.0 = Release|Any CPU
		{AED32465-A92D-48C1-85B5-A6448D988496}.Release|x64.ActiveCfg = Release|Any CPU
		{AED32465-A92D-48C1-85B5-A6448D988496}.Release|x64.Build.0 = Release|Any CPU
		{AED32465-A92D-48C1-85B5-A6448D988496}.Release|x86.ActiveCfg = Release|Any CPU
		{AED32465-A92D-48C1-85B5-A6448D988496}.Release|x86.Build.0 = Release|Any CPU
		{08ABDF2D-AB4F-4EF1-8ADA-46790FD52C53}.Debug|Any CPU.ActiveCfg = Debug|Any CPU
		{08ABDF2D-AB4F-4EF1-8ADA-46790FD52C53}.Debug|Any CPU.Build.0 = Debug|Any CPU
		{08ABDF2D-AB4F-4EF1-8ADA-46790FD52C53}.Debug|x64.ActiveCfg = Debug|Any CPU
		{08ABDF2D-AB4F-4EF1-8ADA-46790FD52C53}.Debug|x64.Build.0 = Debug|Any CPU
		{08ABDF2D-AB4F-4EF1-8ADA-46790FD52C53}.Debug|x86.ActiveCfg = Debug|Any CPU
		{08ABDF2D-AB4F-4EF1-8ADA-46790FD52C53}.Debug|x86.Build.0 = Debug|Any CPU
		{08ABDF2D-AB4F-4EF1-8ADA-46790FD52C53}.Release|Any CPU.ActiveCfg = Release|Any CPU
		{08ABDF2D-AB4F-4EF1-8ADA-46790FD52C53}.Release|Any CPU.Build.0 = Release|Any CPU
		{08ABDF2D-AB4F-4EF1-8ADA-46790FD52C53}.Release|x64.ActiveCfg = Release|Any CPU
		{08ABDF2D-AB4F-4EF1-8ADA-46790FD52C53}.Release|x64.Build.0 = Release|Any CPU
		{08ABDF2D-AB4F-4EF1-8ADA-46790FD52C53}.Release|x86.ActiveCfg = Release|Any CPU
		{08ABDF2D-AB4F-4EF1-8ADA-46790FD52C53}.Release|x86.Build.0 = Release|Any CPU
		{225266BD-810C-4A7D-990E-85267FC9A5F5}.Debug|Any CPU.ActiveCfg = Debug|Any CPU
		{225266BD-810C-4A7D-990E-85267FC9A5F5}.Debug|Any CPU.Build.0 = Debug|Any CPU
		{225266BD-810C-4A7D-990E-85267FC9A5F5}.Debug|x64.ActiveCfg = Debug|Any CPU
		{225266BD-810C-4A7D-990E-85267FC9A5F5}.Debug|x64.Build.0 = Debug|Any CPU
		{225266BD-810C-4A7D-990E-85267FC9A5F5}.Debug|x86.ActiveCfg = Debug|Any CPU
		{225266BD-810C-4A7D-990E-85267FC9A5F5}.Debug|x86.Build.0 = Debug|Any CPU
		{225266BD-810C-4A7D-990E-85267FC9A5F5}.Release|Any CPU.ActiveCfg = Release|Any CPU
		{225266BD-810C-4A7D-990E-85267FC9A5F5}.Release|Any CPU.Build.0 = Release|Any CPU
		{225266BD-810C-4A7D-990E-85267FC9A5F5}.Release|x64.ActiveCfg = Release|Any CPU
		{225266BD-810C-4A7D-990E-85267FC9A5F5}.Release|x64.Build.0 = Release|Any CPU
		{225266BD-810C-4A7D-990E-85267FC9A5F5}.Release|x86.ActiveCfg = Release|Any CPU
		{225266BD-810C-4A7D-990E-85267FC9A5F5}.Release|x86.Build.0 = Release|Any CPU
		{D3933031-CDE7-4BD6-A1DB-B2B9C9EDFE05}.Debug|Any CPU.ActiveCfg = Debug|Any CPU
		{D3933031-CDE7-4BD6-A1DB-B2B9C9EDFE05}.Debug|Any CPU.Build.0 = Debug|Any CPU
		{D3933031-CDE7-4BD6-A1DB-B2B9C9EDFE05}.Debug|x64.ActiveCfg = Debug|Any CPU
		{D3933031-CDE7-4BD6-A1DB-B2B9C9EDFE05}.Debug|x64.Build.0 = Debug|Any CPU
		{D3933031-CDE7-4BD6-A1DB-B2B9C9EDFE05}.Debug|x86.ActiveCfg = Debug|Any CPU
		{D3933031-CDE7-4BD6-A1DB-B2B9C9EDFE05}.Debug|x86.Build.0 = Debug|Any CPU
		{D3933031-CDE7-4BD6-A1DB-B2B9C9EDFE05}.Release|Any CPU.ActiveCfg = Release|Any CPU
		{D3933031-CDE7-4BD6-A1DB-B2B9C9EDFE05}.Release|Any CPU.Build.0 = Release|Any CPU
		{D3933031-CDE7-4BD6-A1DB-B2B9C9EDFE05}.Release|x64.ActiveCfg = Release|Any CPU
		{D3933031-CDE7-4BD6-A1DB-B2B9C9EDFE05}.Release|x64.Build.0 = Release|Any CPU
		{D3933031-CDE7-4BD6-A1DB-B2B9C9EDFE05}.Release|x86.ActiveCfg = Release|Any CPU
		{D3933031-CDE7-4BD6-A1DB-B2B9C9EDFE05}.Release|x86.Build.0 = Release|Any CPU
		{0C8B5E99-A147-4B5D-8DF9-CDA6BC8BDD77}.Debug|Any CPU.ActiveCfg = Debug|Any CPU
		{0C8B5E99-A147-4B5D-8DF9-CDA6BC8BDD77}.Debug|Any CPU.Build.0 = Debug|Any CPU
		{0C8B5E99-A147-4B5D-8DF9-CDA6BC8BDD77}.Debug|x64.ActiveCfg = Debug|Any CPU
		{0C8B5E99-A147-4B5D-8DF9-CDA6BC8BDD77}.Debug|x64.Build.0 = Debug|Any CPU
		{0C8B5E99-A147-4B5D-8DF9-CDA6BC8BDD77}.Debug|x86.ActiveCfg = Debug|Any CPU
		{0C8B5E99-A147-4B5D-8DF9-CDA6BC8BDD77}.Debug|x86.Build.0 = Debug|Any CPU
		{0C8B5E99-A147-4B5D-8DF9-CDA6BC8BDD77}.Release|Any CPU.ActiveCfg = Release|Any CPU
		{0C8B5E99-A147-4B5D-8DF9-CDA6BC8BDD77}.Release|Any CPU.Build.0 = Release|Any CPU
		{0C8B5E99-A147-4B5D-8DF9-CDA6BC8BDD77}.Release|x64.ActiveCfg = Release|Any CPU
		{0C8B5E99-A147-4B5D-8DF9-CDA6BC8BDD77}.Release|x64.Build.0 = Release|Any CPU
		{0C8B5E99-A147-4B5D-8DF9-CDA6BC8BDD77}.Release|x86.ActiveCfg = Release|Any CPU
		{0C8B5E99-A147-4B5D-8DF9-CDA6BC8BDD77}.Release|x86.Build.0 = Release|Any CPU
	EndGlobalSection
	GlobalSection(NestedProjects) = preSolution
		{284FEDFA-5EE1-4A9D-B1F2-48D446B4A895} = {DDA8993D-749E-4916-807C-CB3B93CCC7A3}
		{E1D80690-68C7-41D2-8461-8217523E44C3} = {DDA8993D-749E-4916-807C-CB3B93CCC7A3}
		{5DEEBCEC-B324-47ED-A745-21DE3794D61E} = {A83A8EDF-1D1C-43C8-A1EC-06D59A1D7585}
		{28F783F6-4F8C-4F1E-8E2D-AE5C44058567} = {A83A8EDF-1D1C-43C8-A1EC-06D59A1D7585}
		{AED32465-A92D-48C1-85B5-A6448D988496} = {A83A8EDF-1D1C-43C8-A1EC-06D59A1D7585}
		{08ABDF2D-AB4F-4EF1-8ADA-46790FD52C53} = {32595DED-C9FB-4AA3-9C39-E9FA6CB5B9E3}
		{225266BD-810C-4A7D-990E-85267FC9A5F5} = {32595DED-C9FB-4AA3-9C39-E9FA6CB5B9E3}
		{D3933031-CDE7-4BD6-A1DB-B2B9C9EDFE05} = {A83A8EDF-1D1C-43C8-A1EC-06D59A1D7585}
		{0C8B5E99-A147-4B5D-8DF9-CDA6BC8BDD77} = {5E6245B0-7E6A-4B60-8580-F628EA4EF307}
	EndGlobalSection
EndGlobal
